<?xml version="1.0" encoding="utf-8"?>
<Project ToolsVersion="4.0" xmlns="http://schemas.microsoft.com/developer/msbuild/2003">
  <ItemGroup>
    <ClCompile Include="FrameListener.cpp">
      <Filter>Source</Filter>
    </ClCompile>
    <ClCompile Include="DebugDrawer.cpp">
      <Filter>Source</Filter>
    </ClCompile>
    <ClCompile Include="Game.cpp">
      <Filter>Source</Filter>
    </ClCompile>
    <ClCompile Include="GenericObject.cpp">
      <Filter>Source</Filter>
    </ClCompile>
    <ClCompile Include="IObject.cpp">
      <Filter>Source</Filter>
    </ClCompile>
    <ClCompile Include="IScene.cpp">
      <Filter>Source</Filter>
    </ClCompile>
    <ClCompile Include="ITBuildingScene.cpp">
      <Filter>Source</Filter>
    </ClCompile>
    <ClCompile Include="OgreBulletDraw.cpp">
      <Filter>Source</Filter>
    </ClCompile>
    <ClCompile Include="OgreGraphics.cpp">
      <Filter>Source</Filter>
    </ClCompile>
    <ClCompile Include="PhysicsEngine.cpp">
      <Filter>Source</Filter>
    </ClCompile>
    <ClCompile Include="ProjectileObject.cpp">
      <Filter>Source</Filter>
    </ClCompile>
    <ClCompile Include="RigidBodyObject.cpp">
      <Filter>Source</Filter>
    </ClCompile>
    <ClCompile Include="SceneLoader.cpp">
      <Filter>Source</Filter>
    </ClCompile>
    <ClCompile Include="SceneManager.cpp">
      <Filter>Source</Filter>
    </ClCompile>
    <ClCompile Include="TargetObject.cpp">
      <Filter>Source</Filter>
    </ClCompile>
    <ClCompile Include="stdafx.cpp">
      <Filter>Source</Filter>
    </ClCompile>
    <ClCompile Include="TemporaryPlayerObject.cpp">
      <Filter>Source</Filter>
    </ClCompile>
    <ClCompile Include="TestObject.cpp">
      <Filter>Source</Filter>
    </ClCompile>
    <ClCompile Include="TestScene.cpp">
      <Filter>Source</Filter>
    </ClCompile>
    <ClCompile Include="Vector3.cpp">
      <Filter>Source</Filter>
    </ClCompile>
    <ClCompile Include="micropather.cpp">
      <Filter>Header</Filter>
    </ClCompile>
    <ClCompile Include="CollisionObject.cpp">
      <Filter>Source\Collision</Filter>
    </ClCompile>
    <ClCompile Include="CollisionWorldSingleton.cpp">
      <Filter>Source\Collision</Filter>
    </ClCompile>
    <ClCompile Include="MapNode.cpp">
      <Filter>Source\Pathing</Filter>
    </ClCompile>
    <ClCompile Include="NodeContainerSingleton.cpp">
      <Filter>Source\Pathing</Filter>
    </ClCompile>
    <ClCompile Include="WorldMap.cpp">
      <Filter>Source\Pathing</Filter>
    </ClCompile>
  </ItemGroup>
  <ItemGroup>
    <ClInclude Include="ConvexDecomposition.h">
      <Filter>Header</Filter>
    </ClInclude>
    <ClInclude Include="DebugDrawer.h">
      <Filter>Header</Filter>
    </ClInclude>
    <ClInclude Include="Force.h">
      <Filter>Header</Filter>
    </ClInclude>
    <ClInclude Include="FrameListener.h">
      <Filter>Header</Filter>
    </ClInclude>
    <ClInclude Include="Game.h">
      <Filter>Header</Filter>
    </ClInclude>
    <ClInclude Include="GenericObject.h">
      <Filter>Header</Filter>
    </ClInclude>
    <ClInclude Include="IObject.h">
      <Filter>Header</Filter>
    </ClInclude>
    <ClInclude Include="IScene.h">
      <Filter>Header</Filter>
    </ClInclude>
    <ClInclude Include="ITBuildingScene.h">
      <Filter>Header</Filter>
    </ClInclude>
    <ClInclude Include="Manifold.h">
      <Filter>Header</Filter>
    </ClInclude>
    <ClInclude Include="OgreBulletDraw.h">
      <Filter>Header</Filter>
    </ClInclude>
    <ClInclude Include="OgreGraphics.h">
      <Filter>Header</Filter>
    </ClInclude>
    <ClInclude Include="PhysicsEngine.h">
      <Filter>Header</Filter>
    </ClInclude>
    <ClInclude Include="ProjectileObject.h">
      <Filter>Header</Filter>
    </ClInclude>
    <ClInclude Include="RigidBodyObject.h">
      <Filter>Header</Filter>
    </ClInclude>
    <ClInclude Include="SceneLoader.h">
      <Filter>Header</Filter>
    </ClInclude>
    <ClInclude Include="SceneManager.h">
      <Filter>Header</Filter>
    </ClInclude>
    <ClInclude Include="stdafx.h">
      <Filter>Header</Filter>
    </ClInclude>
    <ClInclude Include="TargetObject.h">
      <Filter>Header</Filter>
    </ClInclude>
    <ClInclude Include="targetver.h">
      <Filter>Header</Filter>
    </ClInclude>
    <ClInclude Include="TemporaryPlayerObject.h">
      <Filter>Header</Filter>
    </ClInclude>
    <ClInclude Include="TestObject.h">
      <Filter>Header</Filter>
    </ClInclude>
    <ClInclude Include="TestScene.h">
      <Filter>Header</Filter>
    </ClInclude>
    <ClInclude Include="Vector3.h">
      <Filter>Header</Filter>
    </ClInclude>
    <ClInclude Include="CollisionObject.h">
      <Filter>Header\Collision</Filter>
    </ClInclude>
    <ClInclude Include="CollisionWorldSingleton.h">
      <Filter>Header\Collision</Filter>
    </ClInclude>
    <ClInclude Include="WorldMap.h">
      <Filter>Header\Pathing</Filter>
    </ClInclude>
    <ClInclude Include="micropather.h">
      <Filter>Header\Pathing</Filter>
    </ClInclude>
    <ClInclude Include="MapNode.h">
      <Filter>Header\Pathing</Filter>
    </ClInclude>
    <ClInclude Include="NodeContainerSingleton.h">
      <Filter>Source\Pathing</Filter>
    </ClInclude>
  </ItemGroup>
  <ItemGroup>
    <None Include="ReadMe.txt" />
  </ItemGroup>
  <ItemGroup>
    <Filter Include="Header">
      <UniqueIdentifier>{1be6b0c3-4e56-40b6-a90a-ac931d275fff}</UniqueIdentifier>
    </Filter>
    <Filter Include="Source">
      <UniqueIdentifier>{f11d8da4-f658-479d-bb59-c974cbf778d3}</UniqueIdentifier>
    </Filter>
    <Filter Include="Header\Collision">
      <UniqueIdentifier>{f1cda930-619d-4a88-9d15-e370deaa8dc0}</UniqueIdentifier>
    </Filter>
    <Filter Include="Source\Collision">
      <UniqueIdentifier>{0960789a-ba04-42c9-a25c-b1d272417dfe}</UniqueIdentifier>
    </Filter>
    <Filter Include="Header\Pathing">
      <UniqueIdentifier>{8683d020-a670-44c5-88f5-d4900487bd8b}</UniqueIdentifier>
    </Filter>
    <Filter Include="Source\Pathing">
      <UniqueIdentifier>{d1c5d4de-bb01-4dc9-b94b-46c52229e965}</UniqueIdentifier>
    </Filter>
  </ItemGroup>
</Project>