<?xml version="1.0" encoding="utf-8"?>
<Project ToolsVersion="4.0" xmlns="http://schemas.microsoft.com/developer/msbuild/2003">
  <ItemGroup>
    <Filter Include="Source Files">
      <UniqueIdentifier>{4FC737F1-C7A5-4376-A066-2A32D752A2FF}</UniqueIdentifier>
      <Extensions>cpp;c;cc;cxx;def;odl;idl;hpj;bat;asm;asmx</Extensions>
    </Filter>
    <Filter Include="Header Files">
      <UniqueIdentifier>{93995380-89BD-4b04-88EB-625FBE52EBFB}</UniqueIdentifier>
      <Extensions>h;hpp;hxx;hm;inl;inc;xsd</Extensions>
    </Filter>
    <Filter Include="Resource Files">
      <UniqueIdentifier>{67DA6AB6-F800-4c08-8B7A-83BB121AAD01}</UniqueIdentifier>
      <Extensions>rc;ico;cur;bmp;dlg;rc2;rct;bin;rgs;gif;jpg;jpeg;jpe;resx;tiff;tif;png;wav;mfcribbon-ms</Extensions>
    </Filter>
    <Filter Include="Source Files\Graphics">
      <UniqueIdentifier>{2c33d3b7-27df-4b5b-97c6-7862687c3589}</UniqueIdentifier>
    </Filter>
    <Filter Include="Header Files\Graphics">
      <UniqueIdentifier>{163f39f0-05dd-4f56-beb6-15546078ef30}</UniqueIdentifier>
    </Filter>
    <Filter Include="Header Files\Scenes">
      <UniqueIdentifier>{697fb2c4-f72a-41d6-a378-5af78620bad6}</UniqueIdentifier>
    </Filter>
    <Filter Include="Source Files\Scenes">
      <UniqueIdentifier>{feb916cb-dcaa-4704-b83c-9bec48f7656b}</UniqueIdentifier>
    </Filter>
    <Filter Include="Header Files\Objects">
      <UniqueIdentifier>{908996d6-f143-4c65-8a11-142f8eb0cc19}</UniqueIdentifier>
    </Filter>
    <Filter Include="Source Files\Objects">
      <UniqueIdentifier>{944092e3-8246-4d19-a5e8-613ae2990a06}</UniqueIdentifier>
    </Filter>
    <Filter Include="Header Files\Math">
      <UniqueIdentifier>{8e69cb40-6629-4f25-ba1e-0e9cbd8063d8}</UniqueIdentifier>
    </Filter>
    <Filter Include="Source Files\Math">
      <UniqueIdentifier>{c7486240-7f4d-465b-ac87-f7c9d23015a0}</UniqueIdentifier>
    </Filter>
    <Filter Include="Header Files\Collision">
      <UniqueIdentifier>{69592699-2859-456a-806f-52a2553f91f7}</UniqueIdentifier>
    </Filter>
    <Filter Include="Source Files\Collision">
      <UniqueIdentifier>{5809cfb6-13eb-4a81-832b-a889a44bcd14}</UniqueIdentifier>
    </Filter>
    <Filter Include="Source Files\Physics">
      <UniqueIdentifier>{f6fff6f0-dc25-429c-a851-9c88e2eebf74}</UniqueIdentifier>
    </Filter>
    <Filter Include="Header Files\Physics">
      <UniqueIdentifier>{ab32751f-d01b-4142-8ce5-e00aab979ada}</UniqueIdentifier>
    </Filter>
    <Filter Include="Header Files\Pathing">
      <UniqueIdentifier>{08b35ae8-0980-49a9-ac65-55ffe1e67564}</UniqueIdentifier>
    </Filter>
    <Filter Include="Source Files\Pathing">
      <UniqueIdentifier>{492175b2-7d74-409f-b05d-be6be79f0090}</UniqueIdentifier>
    </Filter>
    <Filter Include="Header Files\ObjectHandler">
      <UniqueIdentifier>{7572733f-549f-4525-a208-231746662e50}</UniqueIdentifier>
    </Filter>
    <Filter Include="Source Files\ObjectHandler">
      <UniqueIdentifier>{2cb6711c-de9a-4cfb-975b-2841bae0b778}</UniqueIdentifier>
    </Filter>
    <Filter Include="Header Files\AI">
      <UniqueIdentifier>{99d80d69-d390-4cad-a0c5-1afa21f3b565}</UniqueIdentifier>
    </Filter>
    <Filter Include="Source Files\AI">
      <UniqueIdentifier>{080b6505-e4d1-458c-9715-07857da1e2e7}</UniqueIdentifier>
    </Filter>
    <Filter Include="Source Files\AI\Emotion">
      <UniqueIdentifier>{5c897f52-a983-41b0-aacd-974ac73db82f}</UniqueIdentifier>
    </Filter>
    <Filter Include="Source Files\AI\Mood">
      <UniqueIdentifier>{b96ba1ad-28ad-4e1d-a143-c27b5fbb71b2}</UniqueIdentifier>
    </Filter>
    <Filter Include="Source Files\AI\Action">
      <UniqueIdentifier>{b57449c2-f9c5-4ff4-90e5-822ff4e2f197}</UniqueIdentifier>
    </Filter>
    <Filter Include="Source Files\AI\Goal">
      <UniqueIdentifier>{64d45e3e-ca18-4830-91b9-ffb6813b9e77}</UniqueIdentifier>
    </Filter>
    <Filter Include="Header Files\AI\Emotion">
      <UniqueIdentifier>{c5fe69b5-639c-46e5-a10f-9ca2c8a25646}</UniqueIdentifier>
    </Filter>
    <Filter Include="Header Files\AI\Mood">
      <UniqueIdentifier>{e8dd343c-d513-46eb-a76f-a3fe0da1fb12}</UniqueIdentifier>
    </Filter>
    <Filter Include="Header Files\AI\Action">
      <UniqueIdentifier>{6270bc02-c66b-42ba-a01d-aeeea4f9c9b5}</UniqueIdentifier>
    </Filter>
    <Filter Include="Header Files\AI\Goal">
      <UniqueIdentifier>{bb8435a4-310c-437f-97f8-c3fe862c42fe}</UniqueIdentifier>
    </Filter>
    <Filter Include="Header Files\AI\Trait">
      <UniqueIdentifier>{4d6f0138-05f1-4c0d-a398-01e57eb9903d}</UniqueIdentifier>
    </Filter>
    <Filter Include="Source Files\AI\Trait">
      <UniqueIdentifier>{41b84bbe-d1dd-421a-98bb-6e92da9cdad1}</UniqueIdentifier>
    </Filter>
  </ItemGroup>
  <ItemGroup>
    <None Include="ReadMe.txt" />
  </ItemGroup>
  <ItemGroup>
    <ClInclude Include="stdafx.h">
      <Filter>Header Files</Filter>
    </ClInclude>
    <ClInclude Include="targetver.h">
      <Filter>Header Files</Filter>
    </ClInclude>
    <ClInclude Include="OgreGraphics.h">
      <Filter>Header Files\Graphics</Filter>
    </ClInclude>
    <ClInclude Include="FrameListener.h">
      <Filter>Header Files\Graphics</Filter>
    </ClInclude>
    <ClInclude Include="IScene.h">
      <Filter>Header Files\Scenes</Filter>
    </ClInclude>
    <ClInclude Include="SceneManager.h">
      <Filter>Header Files\Scenes</Filter>
    </ClInclude>
    <ClInclude Include="TestScene.h">
      <Filter>Header Files\Scenes</Filter>
    </ClInclude>
    <ClInclude Include="IObject.h">
      <Filter>Header Files\Objects</Filter>
    </ClInclude>
    <ClInclude Include="Vector3.h">
      <Filter>Header Files\Math</Filter>
    </ClInclude>
    <ClInclude Include="TestObject.h">
      <Filter>Header Files\Objects</Filter>
    </ClInclude>
    <ClInclude Include="RigidBodyObject.h">
      <Filter>Header Files\Objects</Filter>
    </ClInclude>
    <ClInclude Include="Game.h">
      <Filter>Header Files</Filter>
    </ClInclude>
    <ClInclude Include="CollisionObject.h">
      <Filter>Header Files\Collision</Filter>
    </ClInclude>
    <ClInclude Include="CollisionWorldSingleton.h">
      <Filter>Header Files\Collision</Filter>
    </ClInclude>
    <ClInclude Include="TemporaryPlayerObject.h">
      <Filter>Header Files\Objects</Filter>
    </ClInclude>
    <ClInclude Include="GenericObject.h">
      <Filter>Header Files\Objects</Filter>
    </ClInclude>
    <ClInclude Include="ITBuildingScene.h">
      <Filter>Header Files\Scenes</Filter>
    </ClInclude>
    <ClInclude Include="SceneLoader.h">
      <Filter>Header Files\Scenes</Filter>
    </ClInclude>
    <ClInclude Include="DebugDrawer.h">
      <Filter>Header Files\Graphics</Filter>
    </ClInclude>
    <ClInclude Include="PhysicsEngine.h">
      <Filter>Header Files\Physics</Filter>
    </ClInclude>
    <ClInclude Include="Manifold.h">
      <Filter>Header Files\Physics</Filter>
    </ClInclude>
    <ClInclude Include="TargetObject.h">
      <Filter>Header Files\Objects</Filter>
    </ClInclude>
    <ClInclude Include="OgreBulletDraw.h">
      <Filter>Header Files\Collision</Filter>
    </ClInclude>
    <ClInclude Include="ProjectileObject.h">
      <Filter>Header Files\Objects</Filter>
    </ClInclude>
    <ClInclude Include="Force.h">
      <Filter>Header Files\Physics</Filter>
    </ClInclude>
    <ClInclude Include="Contact.h">
      <Filter>Header Files\Physics</Filter>
    </ClInclude>
    <ClInclude Include="MapNode.h">
      <Filter>Header Files\Pathing</Filter>
    </ClInclude>
    <ClInclude Include="micropather.h">
      <Filter>Header Files\Pathing</Filter>
    </ClInclude>
    <ClInclude Include="NodeContainerSingleton.h">
      <Filter>Header Files\Pathing</Filter>
    </ClInclude>
    <ClInclude Include="WorldMap.h">
      <Filter>Header Files\Pathing</Filter>
    </ClInclude>
    <ClInclude Include="ItemStore.h">
      <Filter>Header Files\ObjectHandler</Filter>
    </ClInclude>
    <ClInclude Include="DebugDrawerOg.h">
      <Filter>Header Files\Collision</Filter>
    </ClInclude>
    <ClInclude Include="OgreBulletUtils.h">
      <Filter>Header Files\Collision</Filter>
    </ClInclude>
    <ClInclude Include="Masks.h">
      <Filter>Header Files</Filter>
    </ClInclude>
    <ClInclude Include="ActionManager.h">
      <Filter>Header Files\AI\Action</Filter>
    </ClInclude>
    <ClInclude Include="Action.h">
      <Filter>Header Files\AI\Action</Filter>
    </ClInclude>
    <ClInclude Include="Emotion.h">
      <Filter>Header Files\AI\Emotion</Filter>
    </ClInclude>
    <ClInclude Include="Bad.h">
      <Filter>Header Files\AI\Mood</Filter>
    </ClInclude>
    <ClInclude Include="EmotionManager.h">
      <Filter>Header Files\AI\Emotion</Filter>
    </ClInclude>
    <ClInclude Include="Goal.h">
      <Filter>Header Files\AI\Goal</Filter>
    </ClInclude>
    <ClInclude Include="Good.h">
      <Filter>Header Files\AI\Mood</Filter>
    </ClInclude>
    <ClInclude Include="Mood.h">
      <Filter>Header Files\AI\Mood</Filter>
    </ClInclude>
    <ClInclude Include="Neutral.h">
      <Filter>Header Files\AI\Emotion</Filter>
    </ClInclude>
    <ClInclude Include="Relax.h">
      <Filter>Header Files\AI\Goal</Filter>
    </ClInclude>
    <ClInclude Include="Sad.h">
      <Filter>Header Files\AI\Emotion</Filter>
    </ClInclude>
    <ClInclude Include="UseComputer.h">
      <Filter>Header Files\AI\Action</Filter>
    </ClInclude>
    <ClInclude Include="Work.h">
      <Filter>Header Files\AI\Goal</Filter>
    </ClInclude>
    <ClInclude Include="Sit.h">
      <Filter>Header Files\AI\Action</Filter>
    </ClInclude>
    <ClInclude Include="MoodManager.h">
      <Filter>Header Files\AI\Mood</Filter>
    </ClInclude>
    <ClInclude Include="MoveItem.h">
      <Filter>Header Files\AI\Action</Filter>
    </ClInclude>
    <ClInclude Include="Happy.h">
      <Filter>Header Files\AI\Emotion</Filter>
    </ClInclude>
    <ClInclude Include="FunLoving.h">
      <Filter>Header Files\AI\Trait</Filter>
    </ClInclude>
    <ClInclude Include="Studious.h">
      <Filter>Header Files\AI\Trait</Filter>
    </ClInclude>
    <ClInclude Include="Trait.h">
      <Filter>Header Files\AI\Trait</Filter>
    </ClInclude>
    <ClInclude Include="EnumSpace.h">
      <Filter>Header Files\AI</Filter>
    </ClInclude>
    <ClInclude Include="AIManager.h">
      <Filter>Header Files\AI</Filter>
    </ClInclude>
    <ClInclude Include="NPC.h">
      <Filter>Header Files\AI</Filter>
    </ClInclude>
    <ClInclude Include="EasyGoing.h">
      <Filter>Header Files\AI\Trait</Filter>
    </ClInclude>
  </ItemGroup>
  <ItemGroup>
    <ClCompile Include="stdafx.cpp">
      <Filter>Source Files</Filter>
    </ClCompile>
    <ClCompile Include="OgreGraphics.cpp">
      <Filter>Source Files\Graphics</Filter>
    </ClCompile>
    <ClCompile Include="FrameListener.cpp">
      <Filter>Source Files\Graphics</Filter>
    </ClCompile>
    <ClCompile Include="Game.cpp">
      <Filter>Source Files</Filter>
    </ClCompile>
    <ClCompile Include="SceneManager.cpp">
      <Filter>Source Files\Scenes</Filter>
    </ClCompile>
    <ClCompile Include="TestScene.cpp">
      <Filter>Source Files\Scenes</Filter>
    </ClCompile>
    <ClCompile Include="IObject.cpp">
      <Filter>Source Files\Objects</Filter>
    </ClCompile>
    <ClCompile Include="Vector3.cpp">
      <Filter>Source Files\Math</Filter>
    </ClCompile>
    <ClCompile Include="TestObject.cpp">
      <Filter>Source Files\Objects</Filter>
    </ClCompile>
    <ClCompile Include="IScene.cpp">
      <Filter>Source Files\Scenes</Filter>
    </ClCompile>
    <ClCompile Include="RigidBodyObject.cpp">
      <Filter>Source Files\Objects</Filter>
    </ClCompile>
    <ClCompile Include="CollisionObject.cpp">
      <Filter>Source Files\Collision</Filter>
    </ClCompile>
    <ClCompile Include="CollisionWorldSingleton.cpp">
      <Filter>Source Files\Collision</Filter>
    </ClCompile>
    <ClCompile Include="TemporaryPlayerObject.cpp">
      <Filter>Source Files\Objects</Filter>
    </ClCompile>
    <ClCompile Include="GenericObject.cpp">
      <Filter>Source Files\Objects</Filter>
    </ClCompile>
    <ClCompile Include="ITBuildingScene.cpp">
      <Filter>Source Files\Scenes</Filter>
    </ClCompile>
    <ClCompile Include="SceneLoader.cpp">
      <Filter>Source Files\Scenes</Filter>
    </ClCompile>
    <ClCompile Include="DebugDrawer.cpp">
      <Filter>Source Files\Graphics</Filter>
    </ClCompile>
    <ClCompile Include="PhysicsEngine.cpp">
      <Filter>Source Files\Physics</Filter>
    </ClCompile>
    <ClCompile Include="TargetObject.cpp">
      <Filter>Source Files\Objects</Filter>
    </ClCompile>
    <ClCompile Include="OgreBulletDraw.cpp">
      <Filter>Source Files\Collision</Filter>
    </ClCompile>
    <ClCompile Include="ProjectileObject.cpp">
      <Filter>Source Files\Objects</Filter>
    </ClCompile>
    <ClCompile Include="MapNode.cpp">
      <Filter>Source Files\Pathing</Filter>
    </ClCompile>
    <ClCompile Include="micropather.cpp">
      <Filter>Source Files\Pathing</Filter>
    </ClCompile>
    <ClCompile Include="NodeContainerSingleton.cpp">
      <Filter>Source Files\Pathing</Filter>
    </ClCompile>
    <ClCompile Include="WorldMap.cpp">
      <Filter>Source Files\Pathing</Filter>
    </ClCompile>
    <ClCompile Include="ItemStore.cpp">
      <Filter>Source Files\ObjectHandler</Filter>
    </ClCompile>
    <ClCompile Include="DebugDrawerOg.cpp">
      <Filter>Source Files\Collision</Filter>
    </ClCompile>
    <ClCompile Include="Sit.cpp">
      <Filter>Source Files\AI\Action</Filter>
    </ClCompile>
    <ClCompile Include="Neutral.cpp">
      <Filter>Source Files\AI\Emotion</Filter>
    </ClCompile>
    <ClCompile Include="EmotionManager.cpp">
      <Filter>Source Files\AI\Emotion</Filter>
    </ClCompile>
    <ClCompile Include="MoodManager.cpp">
      <Filter>Source Files\AI\Mood</Filter>
    </ClCompile>
    <ClCompile Include="UseComputer.cpp">
      <Filter>Source Files\AI\Action</Filter>
    </ClCompile>
    <ClCompile Include="MoveItem.cpp">
      <Filter>Source Files\AI\Action</Filter>
    </ClCompile>
    <ClCompile Include="ActionManager.cpp">
      <Filter>Source Files\AI\Action</Filter>
    </ClCompile>
    <ClCompile Include="Bad.cpp">
      <Filter>Source Files\AI\Mood</Filter>
    </ClCompile>
    <ClCompile Include="Good.cpp">
      <Filter>Source Files\AI\Mood</Filter>
    </ClCompile>
    <ClCompile Include="Happy.cpp">
      <Filter>Source Files\AI\Emotion</Filter>
    </ClCompile>
    <ClCompile Include="Sad.cpp">
      <Filter>Source Files\AI\Emotion</Filter>
    </ClCompile>
    <ClCompile Include="Relax.cpp">
      <Filter>Source Files\AI\Goal</Filter>
    </ClCompile>
    <ClCompile Include="Work.cpp">
      <Filter>Source Files\AI\Goal</Filter>
    </ClCompile>
    <ClCompile Include="Studious.cpp">
      <Filter>Source Files\AI\Trait</Filter>
    </ClCompile>
    <ClCompile Include="FunLoving.cpp">
      <Filter>Source Files\AI\Trait</Filter>
    </ClCompile>
    <ClCompile Include="AIManager.cpp">
      <Filter>Source Files\AI</Filter>
    </ClCompile>
    <ClCompile Include="NPC.cpp">
      <Filter>Source Files\AI</Filter>
    </ClCompile>
    <ClCompile Include="EasyGoing.cpp">
      <Filter>Source Files\AI\Trait</Filter>
    </ClCompile>
  </ItemGroup>
</Project>